
Microsoft Visual Studio Solution File, Format Version 12.00
Project("{FAE04EC0-301F-11D3-BF4B-00C04F79EFBC}") = "RabbitMQ.DefaultExchangePublisher", "RabbitMQ.DefaultExchangePublisher\RabbitMQ.DefaultExchangePublisher.csproj", "{F5DC3337-FDA5-4028-8F85-108661495D7E}"
EndProject
Project("{FAE04EC0-301F-11D3-BF4B-00C04F79EFBC}") = "RabbitMQ.DefaultExchangeSubscriber", "RabbitMQ.DefaultExchangeSubscriber\RabbitMQ.DefaultExchangeSubscriber.csproj", "{4CECF8A5-9B09-4C79-AF85-5EE48EB58113}"
EndProject
Project("{FAE04EC0-301F-11D3-BF4B-00C04F79EFBC}") = "RabbitMQ.FanoutExchangePublisher", "RabbitMQ.FanoutExchangePublisher\RabbitMQ.FanoutExchangePublisher.csproj", "{4EBDB590-FA0F-448F-82D3-63BAA8F21B61}"
EndProject
Project("{FAE04EC0-301F-11D3-BF4B-00C04F79EFBC}") = "RabbitMQ.FanoutExchangeSubscriber", "RabbitMQ.FanoutExchangeSubscriber\RabbitMQ.FanoutExchangeSubscriber.csproj", "{B39E7445-0B74-406D-86C9-FE4C22DA8941}"
EndProject
Project("{FAE04EC0-301F-11D3-BF4B-00C04F79EFBC}") = "RabbitMQ.DirectExchangePublisher", "RabbitMQ.DirectExchangePublisher\RabbitMQ.DirectExchangePublisher.csproj", "{7B9A5170-FF4D-45D2-B9C0-D35B6CEE57AA}"
EndProject
Project("{FAE04EC0-301F-11D3-BF4B-00C04F79EFBC}") = "RabbitMQ.DirectExchangeSubscriber", "RabbitMQ.DirectExchangeSubscriber\RabbitMQ.DirectExchangeSubscriber.csproj", "{9660FA9F-9F30-4324-BCAC-2E6F8972CAD0}"
EndProject
Project("{FAE04EC0-301F-11D3-BF4B-00C04F79EFBC}") = "RabbitMQ.TopicExchangePublisher", "RabbitMQ.TopicExchangePublisher\RabbitMQ.TopicExchangePublisher.csproj", "{AE3211FD-8D9D-440D-8831-607ED7297365}"
EndProject
Project("{FAE04EC0-301F-11D3-BF4B-00C04F79EFBC}") = "RabbitMQ.TopicExchangeSubscriber", "RabbitMQ.TopicExchangeSubscriber\RabbitMQ.TopicExchangeSubscriber.csproj", "{5C2D0983-7129-40AA-8C1F-85AB757591F9}"
EndProject
Project("{FAE04EC0-301F-11D3-BF4B-00C04F79EFBC}") = "RabbitMQ.HeaderExchangePublisher", "RabbitMQ.HeaderExchangePublisher\RabbitMQ.HeaderExchangePublisher.csproj", "{70225597-5164-495F-85A7-859592B10E4F}"
EndProject
Project("{FAE04EC0-301F-11D3-BF4B-00C04F79EFBC}") = "RabbitMQ.HeaderExchangeSubscriber", "RabbitMQ.HeaderExchangeSubscriber\RabbitMQ.HeaderExchangeSubscriber.csproj", "{D02B3C19-E6BC-430A-8641-BFBE9A4C39BB}"
EndProject
Project("{FAE04EC0-301F-11D3-BF4B-00C04F79EFBC}") = "RabbitMQ.SharedClassForHeaderExchange", "RabbitMQ.SharedClassForHeaderExchange\RabbitMQ.SharedClassForHeaderExchange.csproj", "{FE3A34AA-053A-4AC1-B16F-039B5B1BFC17}"
EndProject
Global
	GlobalSection(SolutionConfigurationPlatforms) = preSolution
		Debug|Any CPU = Debug|Any CPU
		Release|Any CPU = Release|Any CPU
	EndGlobalSection
	GlobalSection(ProjectConfigurationPlatforms) = postSolution
		{F5DC3337-FDA5-4028-8F85-108661495D7E}.Debug|Any CPU.ActiveCfg = Debug|Any CPU
		{F5DC3337-FDA5-4028-8F85-108661495D7E}.Debug|Any CPU.Build.0 = Debug|Any CPU
		{F5DC3337-FDA5-4028-8F85-108661495D7E}.Release|Any CPU.ActiveCfg = Release|Any CPU
		{F5DC3337-FDA5-4028-8F85-108661495D7E}.Release|Any CPU.Build.0 = Release|Any CPU
		{4CECF8A5-9B09-4C79-AF85-5EE48EB58113}.Debug|Any CPU.ActiveCfg = Debug|Any CPU
		{4CECF8A5-9B09-4C79-AF85-5EE48EB58113}.Debug|Any CPU.Build.0 = Debug|Any CPU
		{4CECF8A5-9B09-4C79-AF85-5EE48EB58113}.Release|Any CPU.ActiveCfg = Release|Any CPU
		{4CECF8A5-9B09-4C79-AF85-5EE48EB58113}.Release|Any CPU.Build.0 = Release|Any CPU
		{4EBDB590-FA0F-448F-82D3-63BAA8F21B61}.Debug|Any CPU.ActiveCfg = Debug|Any CPU
		{4EBDB590-FA0F-448F-82D3-63BAA8F21B61}.Debug|Any CPU.Build.0 = Debug|Any CPU
		{4EBDB590-FA0F-448F-82D3-63BAA8F21B61}.Release|Any CPU.ActiveCfg = Release|Any CPU
		{4EBDB590-FA0F-448F-82D3-63BAA8F21B61}.Release|Any CPU.Build.0 = Release|Any CPU
		{B39E7445-0B74-406D-86C9-FE4C22DA8941}.Debug|Any CPU.ActiveCfg = Debug|Any CPU
		{B39E7445-0B74-406D-86C9-FE4C22DA8941}.Debug|Any CPU.Build.0 = Debug|Any CPU
		{B39E7445-0B74-406D-86C9-FE4C22DA8941}.Release|Any CPU.ActiveCfg = Release|Any CPU
		{B39E7445-0B74-406D-86C9-FE4C22DA8941}.Release|Any CPU.Build.0 = Release|Any CPU
		{7B9A5170-FF4D-45D2-B9C0-D35B6CEE57AA}.Debug|Any CPU.ActiveCfg = Debug|Any CPU
		{7B9A5170-FF4D-45D2-B9C0-D35B6CEE57AA}.Debug|Any CPU.Build.0 = Debug|Any CPU
		{7B9A5170-FF4D-45D2-B9C0-D35B6CEE57AA}.Release|Any CPU.ActiveCfg = Release|Any CPU
		{7B9A5170-FF4D-45D2-B9C0-D35B6CEE57AA}.Release|Any CPU.Build.0 = Release|Any CPU
		{9660FA9F-9F30-4324-BCAC-2E6F8972CAD0}.Debug|Any CPU.ActiveCfg = Debug|Any CPU
		{9660FA9F-9F30-4324-BCAC-2E6F8972CAD0}.Debug|Any CPU.Build.0 = Debug|Any CPU
		{9660FA9F-9F30-4324-BCAC-2E6F8972CAD0}.Release|Any CPU.ActiveCfg = Release|Any CPU
		{9660FA9F-9F30-4324-BCAC-2E6F8972CAD0}.Release|Any CPU.Build.0 = Release|Any CPU
		{AE3211FD-8D9D-440D-8831-607ED7297365}.Debug|Any CPU.ActiveCfg = Debug|Any CPU
		{AE3211FD-8D9D-440D-8831-607ED7297365}.Debug|Any CPU.Build.0 = Debug|Any CPU
		{AE3211FD-8D9D-440D-8831-607ED7297365}.Release|Any CPU.ActiveCfg = Release|Any CPU
		{AE3211FD-8D9D-440D-8831-607ED7297365}.Release|Any CPU.Build.0 = Release|Any CPU
		{5C2D0983-7129-40AA-8C1F-85AB757591F9}.Debug|Any CPU.ActiveCfg = Debug|Any CPU
		{5C2D0983-7129-40AA-8C1F-85AB757591F9}.Debug|Any CPU.Build.0 = Debug|Any CPU
		{5C2D0983-7129-40AA-8C1F-85AB757591F9}.Release|Any CPU.ActiveCfg = Release|Any CPU
		{5C2D0983-7129-40AA-8C1F-85AB757591F9}.Release|Any CPU.Build.0 = Release|Any CPU
		{70225597-5164-495F-85A7-859592B10E4F}.Debug|Any CPU.ActiveCfg = Debug|Any CPU
		{70225597-5164-495F-85A7-859592B10E4F}.Debug|Any CPU.Build.0 = Debug|Any CPU
		{70225597-5164-495F-85A7-859592B10E4F}.Release|Any CPU.ActiveCfg = Release|Any CPU
		{70225597-5164-495F-85A7-859592B10E4F}.Release|Any CPU.Build.0 = Release|Any CPU
		{D02B3C19-E6BC-430A-8641-BFBE9A4C39BB}.Debug|Any CPU.ActiveCfg = Debug|Any CPU
		{D02B3C19-E6BC-430A-8641-BFBE9A4C39BB}.Debug|Any CPU.Build.0 = Debug|Any CPU
		{D02B3C19-E6BC-430A-8641-BFBE9A4C39BB}.Release|Any CPU.ActiveCfg = Release|Any CPU
		{D02B3C19-E6BC-430A-8641-BFBE9A4C39BB}.Release|Any CPU.Build.0 = Release|Any CPU
		{FE3A34AA-053A-4AC1-B16F-039B5B1BFC17}.Debug|Any CPU.ActiveCfg = Debug|Any CPU
		{FE3A34AA-053A-4AC1-B16F-039B5B1BFC17}.Debug|Any CPU.Build.0 = Debug|Any CPU
		{FE3A34AA-053A-4AC1-B16F-039B5B1BFC17}.Release|Any CPU.ActiveCfg = Release|Any CPU
		{FE3A34AA-053A-4AC1-B16F-039B5B1BFC17}.Release|Any CPU.Build.0 = Release|Any CPU
	EndGlobalSection
EndGlobal
